
Microsoft Visual Studio Solution File, Format Version 12.00
# Visual Studio Version 17
VisualStudioVersion = 17.1.32319.34
MinimumVisualStudioVersion = 10.0.40219.1
Project("{FAE04EC0-301F-11D3-BF4B-00C04F79EFBC}") = "FoodChip", "FoodChip\FoodChip.csproj", "{99E081F3-2248-4105-A9A3-1814F64CACB2}"
EndProject
Global
	GlobalSection(SolutionConfigurationPlatforms) = preSolution
		Debug|Any CPU = Debug|Any CPU
		Release|Any CPU = Release|Any CPU
	EndGlobalSection
	GlobalSection(ProjectConfigurationPlatforms) = postSolution
		{99E081F3-2248-4105-A9A3-1814F64CACB2}.Debug|Any CPU.ActiveCfg = Debug|Any CPU
		{99E081F3-2248-4105-A9A3-1814F64CACB2}.Debug|Any CPU.Build.0 = Debug|Any CPU
		{99E081F3-2248-4105-A9A3-1814F64CACB2}.Release|Any CPU.ActiveCfg = Release|Any CPU
		{99E081F3-2248-4105-A9A3-1814F64CACB2}.Release|Any CPU.Build.0 = Release|Any CPU
	EndGlobalSection
	GlobalSection(SolutionProperties) = preSolution
		HideSolutionNode = FALSE
	EndGlobalSection
	GlobalSection(ExtensibilityGlobals) = postSolution
		SolutionGuid = {7B5D9814-AACE-4285-AB21-1483A020556C}
	EndGlobalSection
EndGlobal
